// !$*UTF8*$!
{
	archiveVersion = 1;
	classes = {
	};
	objectVersion = 50;
	objects = {

/* Begin PBXBuildFile section */
		06DD8525D3523268DBA4A942 /* Pods_hipo_flickr.framework in Frameworks */ = {isa = PBXBuildFile; fileRef = A7A1DA48BFF03B10BF71E356 /* Pods_hipo_flickr.framework */; };
		D34354D121D93A66003E3013 /* AppDelegate.swift in Sources */ = {isa = PBXBuildFile; fileRef = D34354D021D93A66003E3013 /* AppDelegate.swift */; };
		D34354D321D93A66003E3013 /* ViewController.swift in Sources */ = {isa = PBXBuildFile; fileRef = D34354D221D93A66003E3013 /* ViewController.swift */; };
		D34354D621D93A66003E3013 /* Main.storyboard in Resources */ = {isa = PBXBuildFile; fileRef = D34354D421D93A66003E3013 /* Main.storyboard */; };
		D34354D821D93A67003E3013 /* Assets.xcassets in Resources */ = {isa = PBXBuildFile; fileRef = D34354D721D93A67003E3013 /* Assets.xcassets */; };
		D34354DB21D93A67003E3013 /* LaunchScreen.storyboard in Resources */ = {isa = PBXBuildFile; fileRef = D34354D921D93A67003E3013 /* LaunchScreen.storyboard */; };
/* End PBXBuildFile section */

/* Begin PBXFileReference section */
		7217DB51A213640ACA08C245 /* Pods-hipo-flickr.release.xcconfig */ = {isa = PBXFileReference; includeInIndex = 1; lastKnownFileType = text.xcconfig; name = "Pods-hipo-flickr.release.xcconfig"; path = "Pods/Target Support Files/Pods-hipo-flickr/Pods-hipo-flickr.release.xcconfig"; sourceTree = "<group>"; };
		76715CE3892E7FCE472C1ACB /* Pods-hipo-flickr.debug.xcconfig */ = {isa = PBXFileReference; includeInIndex = 1; lastKnownFileType = text.xcconfig; name = "Pods-hipo-flickr.debug.xcconfig"; path = "Pods/Target Support Files/Pods-hipo-flickr/Pods-hipo-flickr.debug.xcconfig"; sourceTree = "<group>"; };
		A7A1DA48BFF03B10BF71E356 /* Pods_hipo_flickr.framework */ = {isa = PBXFileReference; explicitFileType = wrapper.framework; includeInIndex = 0; path = Pods_hipo_flickr.framework; sourceTree = BUILT_PRODUCTS_DIR; };
		D34354CD21D93A66003E3013 /* hipo-flickr.app */ = {isa = PBXFileReference; explicitFileType = wrapper.application; includeInIndex = 0; path = "hipo-flickr.app"; sourceTree = BUILT_PRODUCTS_DIR; };
		D34354D021D93A66003E3013 /* AppDelegate.swift */ = {isa = PBXFileReference; lastKnownFileType = sourcecode.swift; path = AppDelegate.swift; sourceTree = "<group>"; };
		D34354D221D93A66003E3013 /* ViewController.swift */ = {isa = PBXFileReference; lastKnownFileType = sourcecode.swift; path = ViewController.swift; sourceTree = "<group>"; };
		D34354D521D93A66003E3013 /* Base */ = {isa = PBXFileReference; lastKnownFileType = file.storyboard; name = Base; path = Base.lproj/Main.storyboard; sourceTree = "<group>"; };
		D34354D721D93A67003E3013 /* Assets.xcassets */ = {isa = PBXFileReference; lastKnownFileType = folder.assetcatalog; path = Assets.xcassets; sourceTree = "<group>"; };
		D34354DA21D93A67003E3013 /* Base */ = {isa = PBXFileReference; lastKnownFileType = file.storyboard; name = Base; path = Base.lproj/LaunchScreen.storyboard; sourceTree = "<group>"; };
		D34354DC21D93A67003E3013 /* Info.plist */ = {isa = PBXFileReference; lastKnownFileType = text.plist.xml; path = Info.plist; sourceTree = "<group>"; };
/* End PBXFileReference section */

/* Begin PBXFrameworksBuildPhase section */
		D34354CA21D93A66003E3013 /* Frameworks */ = {
			isa = PBXFrameworksBuildPhase;
			buildActionMask = 2147483647;
			files = (
				06DD8525D3523268DBA4A942 /* Pods_hipo_flickr.framework in Frameworks */,
			);
			runOnlyForDeploymentPostprocessing = 0;
		};
/* End PBXFrameworksBuildPhase section */

/* Begin PBXGroup section */
		82A8F86FAC38C9F349958852 /* Frameworks */ = {
			isa = PBXGroup;
			children = (
				A7A1DA48BFF03B10BF71E356 /* Pods_hipo_flickr.framework */,
			);
			name = Frameworks;
			sourceTree = "<group>";
		};
		D34354C421D93A66003E3013 = {
			isa = PBXGroup;
			children = (
				D34354CF21D93A66003E3013 /* hipo-flickr */,
				D34354CE21D93A66003E3013 /* Products */,
				F04B2D4C62DEF2A792398990 /* Pods */,
				82A8F86FAC38C9F349958852 /* Frameworks */,
			);
			sourceTree = "<group>";
		};
		D34354CE21D93A66003E3013 /* Products */ = {
			isa = PBXGroup;
			children = (
				D34354CD21D93A66003E3013 /* hipo-flickr.app */,
			);
			name = Products;
			sourceTree = "<group>";
		};
		D34354CF21D93A66003E3013 /* hipo-flickr */ = {
			isa = PBXGroup;
			children = (
				D34354D021D93A66003E3013 /* AppDelegate.swift */,
				D34354D221D93A66003E3013 /* ViewController.swift */,
				D34354D421D93A66003E3013 /* Main.storyboard */,
				D34354D721D93A67003E3013 /* Assets.xcassets */,
				D34354D921D93A67003E3013 /* LaunchScreen.storyboard */,
				D34354DC21D93A67003E3013 /* Info.plist */,
			);
			path = "hipo-flickr";
			sourceTree = "<group>";
		};
		F04B2D4C62DEF2A792398990 /* Pods */ = {
			isa = PBXGroup;
			children = (
				76715CE3892E7FCE472C1ACB /* Pods-hipo-flickr.debug.xcconfig */,
				7217DB51A213640ACA08C245 /* Pods-hipo-flickr.release.xcconfig */,
			);
			name = Pods;
			sourceTree = "<group>";
		};
/* End PBXGroup section */

/* Begin PBXNativeTarget section */
		D34354CC21D93A66003E3013 /* hipo-flickr */ = {
			isa = PBXNativeTarget;
			buildConfigurationList = D34354DF21D93A67003E3013 /* Build configuration list for PBXNativeTarget "hipo-flickr" */;
			buildPhases = (
				AA782A6DFC6D3072067B4156 /* [CP] Check Pods Manifest.lock */,
				D34354C921D93A66003E3013 /* Sources */,
				D34354CA21D93A66003E3013 /* Frameworks */,
				D34354CB21D93A66003E3013 /* Resources */,
				DC0C9B94BB4CDED8596481D6 /* [CP] Embed Pods Frameworks */,
			);
			buildRules = (
			);
			dependencies = (
			);
			name = "hipo-flickr";
			productName = "hipo-flickr";
			productReference = D34354CD21D93A66003E3013 /* hipo-flickr.app */;
			productType = "com.apple.product-type.application";
		};
/* End PBXNativeTarget section */

/* Begin PBXProject section */
		D34354C521D93A66003E3013 /* Project object */ = {
			isa = PBXProject;
			attributes = {
				LastSwiftUpdateCheck = 1010;
				LastUpgradeCheck = 1010;
				ORGANIZATIONNAME = "Talha Salt";
				TargetAttributes = {
					D34354CC21D93A66003E3013 = {
						CreatedOnToolsVersion = 10.1;
					};
				};
			};
			buildConfigurationList = D34354C821D93A66003E3013 /* Build configuration list for PBXProject "hipo-flickr" */;
			compatibilityVersion = "Xcode 9.3";
			developmentRegion = en;
			hasScannedForEncodings = 0;
			knownRegions = (
				en,
				Base,
			);
			mainGroup = D34354C421D93A66003E3013;
			productRefGroup = D34354CE21D93A66003E3013 /* Products */;
			projectDirPath = "";
			projectRoot = "";
			targets = (
				D34354CC21D93A66003E3013 /* hipo-flickr */,
			);
		};
/* End PBXProject section */

/* Begin PBXResourcesBuildPhase section */
		D34354CB21D93A66003E3013 /* Resources */ = {
			isa = PBXResourcesBuildPhase;
			buildActionMask = 2147483647;
			files = (
				D34354DB21D93A67003E3013 /* LaunchScreen.storyboard in Resources */,
				D34354D821D93A67003E3013 /* Assets.xcassets in Resources */,
				D34354D621D93A66003E3013 /* Main.storyboard in Resources */,
			);
			runOnlyForDeploymentPostprocessing = 0;
		};
/* End PBXResourcesBuildPhase section */

/* Begin PBXShellScriptBuildPhase section */
		AA782A6DFC6D3072067B4156 /* [CP] Check Pods Manifest.lock */ = {
			isa = PBXShellScriptBuildPhase;
			buildActionMask = 2147483647;
			files = (
			);
			inputFileListPaths = (
			);
			inputPaths = (
				"${PODS_PODFILE_DIR_PATH}/Podfile.lock",
				"${PODS_ROOT}/Manifest.lock",
			);
			name = "[CP] Check Pods Manifest.lock";
			outputFileListPaths = (
			);
			outputPaths = (
				"$(DERIVED_FILE_DIR)/Pods-hipo-flickr-checkManifestLockResult.txt",
			);
			runOnlyForDeploymentPostprocessing = 0;
			shellPath = /bin/sh;
			shellScript = "diff \"${PODS_PODFILE_DIR_PATH}/Podfile.lock\" \"${PODS_ROOT}/Manifest.lock\" > /dev/null\nif [ $? != 0 ] ; then\n    # print error to STDERR\n    echo \"error: The sandbox is not in sync with the Podfile.lock. Run 'pod install' or update your CocoaPods installation.\" >&2\n    exit 1\nfi\n# This output is used by Xcode 'outputs' to avoid re-running this script phase.\necho \"SUCCESS\" > \"${SCRIPT_OUTPUT_FILE_0}\"\n";
			showEnvVarsInLog = 0;
		};
		DC0C9B94BB4CDED8596481D6 /* [CP] Embed Pods Frameworks */ = {
			isa = PBXShellScriptBuildPhase;
			buildActionMask = 2147483647;
			files = (
			);
			inputFileListPaths = (
			);
			inputPaths = (
				"${SRCROOT}/Pods/Target Support Files/Pods-hipo-flickr/Pods-hipo-flickr-frameworks.sh",
				"${BUILT_PRODUCTS_DIR}/Alamofire/Alamofire.framework",
				"${BUILT_PRODUCTS_DIR}/SwiftyJSON/SwiftyJSON.framework",
			);
			name = "[CP] Embed Pods Frameworks";
			outputFileListPaths = (
			);
			outputPaths = (
				"${TARGET_BUILD_DIR}/${FRAMEWORKS_FOLDER_PATH}/Alamofire.framework",
				"${TARGET_BUILD_DIR}/${FRAMEWORKS_FOLDER_PATH}/SwiftyJSON.framework",
			);
			runOnlyForDeploymentPostprocessing = 0;
			shellPath = /bin/sh;
			shellScript = "\"${SRCROOT}/Pods/Target Support Files/Pods-hipo-flickr/Pods-hipo-flickr-frameworks.sh\"\n";
			showEnvVarsInLog = 0;
		};
/* End PBXShellScriptBuildPhase section */

/* Begin PBXSourcesBuildPhase section */
		D34354C921D93A66003E3013 /* Sources */ = {
			isa = PBXSourcesBuildPhase;
			buildActionMask = 2147483647;
			files = (
				D34354D321D93A66003E3013 /* ViewController.swift in Sources */,
				D34354D121D93A66003E3013 /* AppDelegate.swift in Sources */,
			);
			runOnlyForDeploymentPostprocessing = 0;
		};
/* End PBXSourcesBuildPhase section */

/* Begin PBXVariantGroup section */
		D34354D421D93A66003E3013 /* Main.storyboard */ = {
			isa = PBXVariantGroup;
			children = (
				D34354D521D93A66003E3013 /* Base */,
			);
			name = Main.storyboard;
			sourceTree = "<group>";
		};
		D34354D921D93A67003E3013 /* LaunchScreen.storyboard */ = {
			isa = PBXVariantGroup;
			children = (
				D34354DA21D93A67003E3013 /* Base */,
			);
			name = LaunchScreen.storyboard;
			sourceTree = "<group>";
		};
/* End PBXVariantGroup section */

/* Begin XCBuildConfiguration section */
		D34354DD21D93A67003E3013 /* Debug */ = {
			isa = XCBuildConfiguration;
			buildSettings = {
				ALWAYS_SEARCH_USER_PATHS = NO;
				CLANG_ANALYZER_NONNULL = YES;
				CLANG_ANALYZER_NUMBER_OBJECT_CONVERSION = YES_AGGRESSIVE;
				CLANG_CXX_LANGUAGE_STANDARD = "gnu++14";
				CLANG_CXX_LIBRARY = "libc++";
				CLANG_ENABLE_MODULES = YES;
				CLANG_ENABLE_OBJC_ARC = YES;
				CLANG_ENABLE_OBJC_WEAK = YES;
				CLANG_WARN_BLOCK_CAPTURE_AUTORELEASING = YES;
				CLANG_WARN_BOOL_CONVERSION = YES;
				CLANG_WARN_COMMA = YES;
				CLANG_WARN_CONSTANT_CONVERSION = YES;
				CLANG_WARN_DEPRECATED_OBJC_IMPLEMENTATIONS = YES;
				CLANG_WARN_DIRECT_OBJC_ISA_USAGE = YES_ERROR;
				CLANG_WARN_DOCUMENTATION_COMMENTS = YES;
				CLANG_WARN_EMPTY_BODY = YES;
				CLANG_WARN_ENUM_CONVERSION = YES;
				CLANG_WARN_INFINITE_RECURSION = YES;
				CLANG_WARN_INT_CONVERSION = YES;
				CLANG_WARN_NON_LITERAL_NULL_CONVERSION = YES;
				CLANG_WARN_OBJC_IMPLICIT_RETAIN_SELF = YES;
				CLANG_WARN_OBJC_LITERAL_CONVERSION = YES;
				CLANG_WARN_OBJC_ROOT_CLASS = YES_ERROR;
				CLANG_WARN_RANGE_LOOP_ANALYSIS = YES;
				CLANG_WARN_STRICT_PROTOTYPES = YES;
				CLANG_WARN_SUSPICIOUS_MOVE = YES;
				CLANG_WARN_UNGUARDED_AVAILABILITY = YES_AGGRESSIVE;
				CLANG_WARN_UNREACHABLE_CODE = YES;
				CLANG_WARN__DUPLICATE_METHOD_MATCH = YES;
				CODE_SIGN_IDENTITY = "iPhone Developer";
				COPY_PHASE_STRIP = NO;
				DEBUG_INFORMATION_FORMAT = dwarf;
				ENABLE_STRICT_OBJC_MSGSEND = YES;
				ENABLE_TESTABILITY = YES;
				GCC_C_LANGUAGE_STANDARD = gnu11;
				GCC_DYNAMIC_NO_PIC = NO;
				GCC_NO_COMMON_BLOCKS = YES;
				GCC_OPTIMIZATION_LEVEL = 0;
				GCC_PREPROCESSOR_DEFINITIONS = (
					"DEBUG=1",
					"$(inherited)",
				);
				GCC_WARN_64_TO_32_BIT_CONVERSION = YES;
				GCC_WARN_ABOUT_RETURN_TYPE = YES_ERROR;
				GCC_WARN_UNDECLARED_SELECTOR = YES;
				GCC_WARN_UNINITIALIZED_AUTOS = YES_AGGRESSIVE;
				GCC_WARN_UNUSED_FUNCTION = YES;
				GCC_WARN_UNUSED_VARIABLE = YES;
				IPHONEOS_DEPLOYMENT_TARGET = 12.1;
				MTL_ENABLE_DEBUG_INFO = INCLUDE_SOURCE;
				MTL_FAST_MATH = YES;
				ONLY_ACTIVE_ARCH = YES;
				SDKROOT = iphoneos;
				SWIFT_ACTIVE_COMPILATION_CONDITIONS = DEBUG;
				SWIFT_OPTIMIZATION_LEVEL = "-Onone";
			};
			name = Debug;
		};
		D34354DE21D93A67003E3013 /* Release */ = {
			isa = XCBuildConfiguration;
			buildSettings = {
				ALWAYS_SEARCH_USER_PATHS = NO;
				CLANG_ANALYZER_NONNULL = YES;
				CLANG_ANALYZER_NUMBER_OBJECT_CONVERSION = YES_AGGRESSIVE;
				CLANG_CXX_LANGUAGE_STANDARD = "gnu++14";
				CLANG_CXX_LIBRARY = "libc++";
				CLANG_ENABLE_MODULES = YES;
				CLANG_ENABLE_OBJC_ARC = YES;
				CLANG_ENABLE_OBJC_WEAK = YES;
				CLANG_WARN_BLOCK_CAPTURE_AUTORELEASING = YES;
				CLANG_WARN_BOOL_CONVERSION = YES;
				CLANG_WARN_COMMA = YES;
				CLANG_WARN_CONSTANT_CONVERSION = YES;
				CLANG_WARN_DEPRECATED_OBJC_IMPLEMENTATIONS = YES;
				CLANG_WARN_DIRECT_OBJC_ISA_USAGE = YES_ERROR;
				CLANG_WARN_DOCUMENTATION_COMMENTS = YES;
				CLANG_WARN_EMPTY_BODY = YES;
				CLANG_WARN_ENUM_CONVERSION = YES;
				CLANG_WARN_INFINITE_RECURSION = YES;
				CLANG_WARN_INT_CONVERSION = YES;
				CLANG_WARN_NON_LITERAL_NULL_CONVERSION = YES;
				CLANG_WARN_OBJC_IMPLICIT_RETAIN_SELF = YES;
				CLANG_WARN_OBJC_LITERAL_CONVERSION = YES;
				CLANG_WARN_OBJC_ROOT_CLASS = YES_ERROR;
				CLANG_WARN_RANGE_LOOP_ANALYSIS = YES;
				CLANG_WARN_STRICT_PROTOTYPES = YES;
				CLANG_WARN_SUSPICIOUS_MOVE = YES;
				CLANG_WARN_UNGUARDED_AVAILABILITY = YES_AGGRESSIVE;
				CLANG_WARN_UNREACHABLE_CODE = YES;
				CLANG_WARN__DUPLICATE_METHOD_MATCH = YES;
				CODE_SIGN_IDENTITY = "iPhone Developer";
				COPY_PHASE_STRIP = NO;
				DEBUG_INFORMATION_FORMAT = "dwarf-with-dsym";
				ENABLE_NS_ASSERTIONS = NO;
				ENABLE_STRICT_OBJC_MSGSEND = YES;
				GCC_C_LANGUAGE_STANDARD = gnu11;
				GCC_NO_COMMON_BLOCKS = YES;
				GCC_WARN_64_TO_32_BIT_CONVERSION = YES;
				GCC_WARN_ABOUT_RETURN_TYPE = YES_ERROR;
				GCC_WARN_UNDECLARED_SELECTOR = YES;
				GCC_WARN_UNINITIALIZED_AUTOS = YES_AGGRESSIVE;
				GCC_WARN_UNUSED_FUNCTION = YES;
				GCC_WARN_UNUSED_VARIABLE = YES;
				IPHONEOS_DEPLOYMENT_TARGET = 12.1;
				MTL_ENABLE_DEBUG_INFO = NO;
				MTL_FAST_MATH = YES;
				SDKROOT = iphoneos;
				SWIFT_COMPILATION_MODE = wholemodule;
				SWIFT_OPTIMIZATION_LEVEL = "-O";
				VALIDATE_PRODUCT = YES;
			};
			name = Release;
		};
		D34354E021D93A67003E3013 /* Debug */ = {
			isa = XCBuildConfiguration;
			baseConfigurationReference = 76715CE3892E7FCE472C1ACB /* Pods-hipo-flickr.debug.xcconfig */;
			buildSettings = {
				ASSETCATALOG_COMPILER_APPICON_NAME = AppIcon;
				CODE_SIGN_STYLE = Automatic;
				DEVELOPMENT_TEAM = 7KP56J3BCY;
				INFOPLIST_FILE = "hipo-flickr/Info.plist";
				LD_RUNPATH_SEARCH_PATHS = (
					"$(inherited)",
					"@executable_path/Frameworks",
				);
				PRODUCT_BUNDLE_IDENTIFIER = "talhaslt.hipo-flickr";
				PRODUCT_NAME = "$(TARGET_NAME)";
				SWIFT_VERSION = 4.2;
				TARGETED_DEVICE_FAMILY = "1,2";
			};
			name = Debug;
		};
		D34354E121D93A67003E3013 /* Release */ = {
			isa = XCBuildConfiguration;
			baseConfigurationReference = 7217DB51A213640ACA08C245 /* Pods-hipo-flickr.release.xcconfig */;
			buildSettings = {
				ASSETCATALOG_COMPILER_APPICON_NAME = AppIcon;
				CODE_SIGN_STYLE = Automatic;
				DEVELOPMENT_TEAM = 7KP56J3BCY;
				INFOPLIST_FILE = "hipo-flickr/Info.plist";
				LD_RUNPATH_SEARCH_PATHS = (
					"$(inherited)",
					"@executable_path/Frameworks",
				);
				PRODUCT_BUNDLE_IDENTIFIER = "talhaslt.hipo-flickr";
				PRODUCT_NAME = "$(TARGET_NAME)";
				SWIFT_VERSION = 4.2;
				TARGETED_DEVICE_FAMILY = "1,2";
			};
			name = Release;
		};
/* End XCBuildConfiguration section */

/* Begin XCConfigurationList section */
		D34354C821D93A66003E3013 /* Build configuration list for PBXProject "hipo-flickr" */ = {
			isa = XCConfigurationList;
			buildConfigurations = (
				D34354DD21D93A67003E3013 /* Debug */,
				D34354DE21D93A67003E3013 /* Release */,
			);
			defaultConfigurationIsVisible = 0;
			defaultConfigurationName = Release;
		};
		D34354DF21D93A67003E3013 /* Build configuration list for PBXNativeTarget "hipo-flickr" */ = {
			isa = XCConfigurationList;
			buildConfigurations = (
				D34354E021D93A67003E3013 /* Debug */,
				D34354E121D93A67003E3013 /* Release */,
			);
			defaultConfigurationIsVisible = 0;
			defaultConfigurationName = Release;
		};
/* End XCConfigurationList section */
	};
	rootObject = D34354C521D93A66003E3013 /* Project object */;
}
